// !$*UTF8*$!
{
	archiveVersion = 1;
	classes = {
	};
	objectVersion = 51;
	objects = {

/* Begin PBXBuildFile section */
		4AC7D5D5E298FE5BC8862392 /* Pods_KnowYourCountry_KnowYourCountryUITests.framework in Frameworks */ = {isa = PBXBuildFile; fileRef = 5D84C4301ACF274AC8EC0C3C /* Pods_KnowYourCountry_KnowYourCountryUITests.framework */; };
		5C76CE3282CB935C2B1A5DEA /* Pods_KnowYourCountry.framework in Frameworks */ = {isa = PBXBuildFile; fileRef = D07FB7ABD91A875B3158D61A /* Pods_KnowYourCountry.framework */; };
		E5BB60B6194C45D6EE0AEB5D /* Pods_KnowYourCountryTests.framework in Frameworks */ = {isa = PBXBuildFile; fileRef = 9C10186075D18094E7913334 /* Pods_KnowYourCountryTests.framework */; };
		F7188C5D25CFDEEC00B2C141 /* CountryInfoModel.swift in Sources */ = {isa = PBXBuildFile; fileRef = F7188C5C25CFDEEC00B2C141 /* CountryInfoModel.swift */; };
		F7188C7925CFE17400B2C141 /* ReachabilityUtils.swift in Sources */ = {isa = PBXBuildFile; fileRef = F7188C7125CFE17300B2C141 /* ReachabilityUtils.swift */; };
		F7188C7A25CFE17400B2C141 /* ErrorHandling.swift in Sources */ = {isa = PBXBuildFile; fileRef = F7188C7225CFE17300B2C141 /* ErrorHandling.swift */; };
		F7188C7B25CFE17400B2C141 /* HttpUtils.swift in Sources */ = {isa = PBXBuildFile; fileRef = F7188C7325CFE17300B2C141 /* HttpUtils.swift */; };
		F7188C7C25CFE17400B2C141 /* Logger.swift in Sources */ = {isa = PBXBuildFile; fileRef = F7188C7425CFE17300B2C141 /* Logger.swift */; };
		F7188C7D25CFE17400B2C141 /* Shared.swift in Sources */ = {isa = PBXBuildFile; fileRef = F7188C7525CFE17300B2C141 /* Shared.swift */; };
		F7188C7E25CFE17400B2C141 /* JSONUtils.swift in Sources */ = {isa = PBXBuildFile; fileRef = F7188C7625CFE17300B2C141 /* JSONUtils.swift */; };
		F7188C7F25CFE17400B2C141 /* URLConstants.swift in Sources */ = {isa = PBXBuildFile; fileRef = F7188C7725CFE17300B2C141 /* URLConstants.swift */; };
		F7188C8025CFE17400B2C141 /* ReactiveURLSession.swift in Sources */ = {isa = PBXBuildFile; fileRef = F7188C7825CFE17300B2C141 /* ReactiveURLSession.swift */; };
		F7188C8625CFF2E400B2C141 /* CountryInfoViewModel.swift in Sources */ = {isa = PBXBuildFile; fileRef = F7188C8525CFF2E400B2C141 /* CountryInfoViewModel.swift */; };
		F74D057B25D1187700E08AAF /* ErrorAlertProtocol.swift in Sources */ = {isa = PBXBuildFile; fileRef = F74D057A25D1187700E08AAF /* ErrorAlertProtocol.swift */; };
		F74D05C925D2409D00E08AAF /* ReachabilityUtilsTests.swift in Sources */ = {isa = PBXBuildFile; fileRef = F74D05C825D2409D00E08AAF /* ReachabilityUtilsTests.swift */; };
		F74D05D125D2422C00E08AAF /* HttpUtilsTests.swift in Sources */ = {isa = PBXBuildFile; fileRef = F74D05D025D2422C00E08AAF /* HttpUtilsTests.swift */; };
		F74D05D825D242AB00E08AAF /* MockHttpUtils.swift in Sources */ = {isa = PBXBuildFile; fileRef = F74D05D725D242AB00E08AAF /* MockHttpUtils.swift */; };
		F74D05E025D2430000E08AAF /* MockReactiveUrlSession.swift in Sources */ = {isa = PBXBuildFile; fileRef = F74D05DF25D2430000E08AAF /* MockReactiveUrlSession.swift */; };
		F74D05E625D2477500E08AAF /* XCTestCase.swift in Sources */ = {isa = PBXBuildFile; fileRef = F74D05E525D2477500E08AAF /* XCTestCase.swift */; };
		F74D05EF25D2479100E08AAF /* CountryInfo.json in Resources */ = {isa = PBXBuildFile; fileRef = F74D05EE25D2479100E08AAF /* CountryInfo.json */; };
		F79BB06525CD06520093CDFA /* AppDelegate.swift in Sources */ = {isa = PBXBuildFile; fileRef = F79BB06425CD06520093CDFA /* AppDelegate.swift */; };
		F79BB06725CD06520093CDFA /* SceneDelegate.swift in Sources */ = {isa = PBXBuildFile; fileRef = F79BB06625CD06520093CDFA /* SceneDelegate.swift */; };
		F79BB06F25CD06520093CDFA /* KnowYourCountry.xcdatamodeld in Sources */ = {isa = PBXBuildFile; fileRef = F79BB06D25CD06520093CDFA /* KnowYourCountry.xcdatamodeld */; };
		F79BB07125CD06550093CDFA /* Assets.xcassets in Resources */ = {isa = PBXBuildFile; fileRef = F79BB07025CD06550093CDFA /* Assets.xcassets */; };
		F79BB07425CD06550093CDFA /* LaunchScreen.storyboard in Resources */ = {isa = PBXBuildFile; fileRef = F79BB07225CD06550093CDFA /* LaunchScreen.storyboard */; };
		F79BB07F25CD06550093CDFA /* KnowYourCountryTests.swift in Sources */ = {isa = PBXBuildFile; fileRef = F79BB07E25CD06550093CDFA /* KnowYourCountryTests.swift */; };
		F79BB08A25CD06560093CDFA /* KnowYourCountryUITests.swift in Sources */ = {isa = PBXBuildFile; fileRef = F79BB08925CD06560093CDFA /* KnowYourCountryUITests.swift */; };
		F79BB09F25CD1B430093CDFA /* HomeViewController.swift in Sources */ = {isa = PBXBuildFile; fileRef = F79BB09E25CD1B430093CDFA /* HomeViewController.swift */; };
		F79BB0AE25CD336C0093CDFA /* CountryInfoTableViewCell.swift in Sources */ = {isa = PBXBuildFile; fileRef = F79BB0AD25CD336C0093CDFA /* CountryInfoTableViewCell.swift */; };
		F79BB0B825CD34170093CDFA /* Constants.swift in Sources */ = {isa = PBXBuildFile; fileRef = F79BB0B725CD34170093CDFA /* Constants.swift */; };
		F79BB0BD25CD34500093CDFA /* Settings.swift in Sources */ = {isa = PBXBuildFile; fileRef = F79BB0BC25CD34500093CDFA /* Settings.swift */; };
/* End PBXBuildFile section */

/* Begin PBXContainerItemProxy section */
		F79BB07B25CD06550093CDFA /* PBXContainerItemProxy */ = {
			isa = PBXContainerItemProxy;
			containerPortal = F79BB05925CD06520093CDFA /* Project object */;
			proxyType = 1;
			remoteGlobalIDString = F79BB06025CD06520093CDFA;
			remoteInfo = KnowYourCountry;
		};
		F79BB08625CD06560093CDFA /* PBXContainerItemProxy */ = {
			isa = PBXContainerItemProxy;
			containerPortal = F79BB05925CD06520093CDFA /* Project object */;
			proxyType = 1;
			remoteGlobalIDString = F79BB06025CD06520093CDFA;
			remoteInfo = KnowYourCountry;
		};
/* End PBXContainerItemProxy section */

/* Begin PBXFileReference section */
		2A86EB78DC33359D681312CA /* Pods-KnowYourCountry-KnowYourCountryUITests.debug.xcconfig */ = {isa = PBXFileReference; includeInIndex = 1; lastKnownFileType = text.xcconfig; name = "Pods-KnowYourCountry-KnowYourCountryUITests.debug.xcconfig"; path = "Target Support Files/Pods-KnowYourCountry-KnowYourCountryUITests/Pods-KnowYourCountry-KnowYourCountryUITests.debug.xcconfig"; sourceTree = "<group>"; };
		5D67153CAED9315BA4C9D47D /* Pods-KnowYourCountry-KnowYourCountryUITests.release.xcconfig */ = {isa = PBXFileReference; includeInIndex = 1; lastKnownFileType = text.xcconfig; name = "Pods-KnowYourCountry-KnowYourCountryUITests.release.xcconfig"; path = "Target Support Files/Pods-KnowYourCountry-KnowYourCountryUITests/Pods-KnowYourCountry-KnowYourCountryUITests.release.xcconfig"; sourceTree = "<group>"; };
		5D84C4301ACF274AC8EC0C3C /* Pods_KnowYourCountry_KnowYourCountryUITests.framework */ = {isa = PBXFileReference; explicitFileType = wrapper.framework; includeInIndex = 0; path = Pods_KnowYourCountry_KnowYourCountryUITests.framework; sourceTree = BUILT_PRODUCTS_DIR; };
		6BB6DCCE54D21E69E90CF3F5 /* Pods-KnowYourCountry.release.xcconfig */ = {isa = PBXFileReference; includeInIndex = 1; lastKnownFileType = text.xcconfig; name = "Pods-KnowYourCountry.release.xcconfig"; path = "Target Support Files/Pods-KnowYourCountry/Pods-KnowYourCountry.release.xcconfig"; sourceTree = "<group>"; };
		9C10186075D18094E7913334 /* Pods_KnowYourCountryTests.framework */ = {isa = PBXFileReference; explicitFileType = wrapper.framework; includeInIndex = 0; path = Pods_KnowYourCountryTests.framework; sourceTree = BUILT_PRODUCTS_DIR; };
		CF83A92CA8B71C4F2EACF994 /* Pods-KnowYourCountryTests.debug.xcconfig */ = {isa = PBXFileReference; includeInIndex = 1; lastKnownFileType = text.xcconfig; name = "Pods-KnowYourCountryTests.debug.xcconfig"; path = "Target Support Files/Pods-KnowYourCountryTests/Pods-KnowYourCountryTests.debug.xcconfig"; sourceTree = "<group>"; };
		D07FB7ABD91A875B3158D61A /* Pods_KnowYourCountry.framework */ = {isa = PBXFileReference; explicitFileType = wrapper.framework; includeInIndex = 0; path = Pods_KnowYourCountry.framework; sourceTree = BUILT_PRODUCTS_DIR; };
		DF5A034EE632905F4D87E381 /* Pods-KnowYourCountry.debug.xcconfig */ = {isa = PBXFileReference; includeInIndex = 1; lastKnownFileType = text.xcconfig; name = "Pods-KnowYourCountry.debug.xcconfig"; path = "Target Support Files/Pods-KnowYourCountry/Pods-KnowYourCountry.debug.xcconfig"; sourceTree = "<group>"; };
		F7188C5C25CFDEEC00B2C141 /* CountryInfoModel.swift */ = {isa = PBXFileReference; lastKnownFileType = sourcecode.swift; path = CountryInfoModel.swift; sourceTree = "<group>"; };
		F7188C7125CFE17300B2C141 /* ReachabilityUtils.swift */ = {isa = PBXFileReference; fileEncoding = 4; lastKnownFileType = sourcecode.swift; path = ReachabilityUtils.swift; sourceTree = "<group>"; };
		F7188C7225CFE17300B2C141 /* ErrorHandling.swift */ = {isa = PBXFileReference; fileEncoding = 4; lastKnownFileType = sourcecode.swift; path = ErrorHandling.swift; sourceTree = "<group>"; };
		F7188C7325CFE17300B2C141 /* HttpUtils.swift */ = {isa = PBXFileReference; fileEncoding = 4; lastKnownFileType = sourcecode.swift; path = HttpUtils.swift; sourceTree = "<group>"; };
		F7188C7425CFE17300B2C141 /* Logger.swift */ = {isa = PBXFileReference; fileEncoding = 4; lastKnownFileType = sourcecode.swift; path = Logger.swift; sourceTree = "<group>"; };
		F7188C7525CFE17300B2C141 /* Shared.swift */ = {isa = PBXFileReference; fileEncoding = 4; lastKnownFileType = sourcecode.swift; path = Shared.swift; sourceTree = "<group>"; };
		F7188C7625CFE17300B2C141 /* JSONUtils.swift */ = {isa = PBXFileReference; fileEncoding = 4; lastKnownFileType = sourcecode.swift; path = JSONUtils.swift; sourceTree = "<group>"; };
		F7188C7725CFE17300B2C141 /* URLConstants.swift */ = {isa = PBXFileReference; fileEncoding = 4; lastKnownFileType = sourcecode.swift; path = URLConstants.swift; sourceTree = "<group>"; };
		F7188C7825CFE17300B2C141 /* ReactiveURLSession.swift */ = {isa = PBXFileReference; fileEncoding = 4; lastKnownFileType = sourcecode.swift; path = ReactiveURLSession.swift; sourceTree = "<group>"; };
		F7188C8525CFF2E400B2C141 /* CountryInfoViewModel.swift */ = {isa = PBXFileReference; lastKnownFileType = sourcecode.swift; path = CountryInfoViewModel.swift; sourceTree = "<group>"; };
		F74D057A25D1187700E08AAF /* ErrorAlertProtocol.swift */ = {isa = PBXFileReference; fileEncoding = 4; lastKnownFileType = sourcecode.swift; path = ErrorAlertProtocol.swift; sourceTree = "<group>"; };
		F74D05C825D2409D00E08AAF /* ReachabilityUtilsTests.swift */ = {isa = PBXFileReference; lastKnownFileType = sourcecode.swift; path = ReachabilityUtilsTests.swift; sourceTree = "<group>"; };
		F74D05D025D2422C00E08AAF /* HttpUtilsTests.swift */ = {isa = PBXFileReference; lastKnownFileType = sourcecode.swift; path = HttpUtilsTests.swift; sourceTree = "<group>"; };
		F74D05D725D242AB00E08AAF /* MockHttpUtils.swift */ = {isa = PBXFileReference; lastKnownFileType = sourcecode.swift; path = MockHttpUtils.swift; sourceTree = "<group>"; };
		F74D05DF25D2430000E08AAF /* MockReactiveUrlSession.swift */ = {isa = PBXFileReference; lastKnownFileType = sourcecode.swift; path = MockReactiveUrlSession.swift; sourceTree = "<group>"; };
		F74D05E525D2477500E08AAF /* XCTestCase.swift */ = {isa = PBXFileReference; fileEncoding = 4; lastKnownFileType = sourcecode.swift; path = XCTestCase.swift; sourceTree = "<group>"; };
		F74D05EE25D2479100E08AAF /* CountryInfo.json */ = {isa = PBXFileReference; fileEncoding = 4; lastKnownFileType = text.json; path = CountryInfo.json; sourceTree = "<group>"; };
		F79BB06125CD06520093CDFA /* KnowYourCountry.app */ = {isa = PBXFileReference; explicitFileType = wrapper.application; includeInIndex = 0; path = KnowYourCountry.app; sourceTree = BUILT_PRODUCTS_DIR; };
		F79BB06425CD06520093CDFA /* AppDelegate.swift */ = {isa = PBXFileReference; lastKnownFileType = sourcecode.swift; path = AppDelegate.swift; sourceTree = "<group>"; };
		F79BB06625CD06520093CDFA /* SceneDelegate.swift */ = {isa = PBXFileReference; lastKnownFileType = sourcecode.swift; path = SceneDelegate.swift; sourceTree = "<group>"; };
		F79BB06E25CD06520093CDFA /* KnowYourCountry.xcdatamodel */ = {isa = PBXFileReference; lastKnownFileType = wrapper.xcdatamodel; path = KnowYourCountry.xcdatamodel; sourceTree = "<group>"; };
		F79BB07025CD06550093CDFA /* Assets.xcassets */ = {isa = PBXFileReference; lastKnownFileType = folder.assetcatalog; path = Assets.xcassets; sourceTree = "<group>"; };
		F79BB07325CD06550093CDFA /* Base */ = {isa = PBXFileReference; lastKnownFileType = file.storyboard; name = Base; path = Base.lproj/LaunchScreen.storyboard; sourceTree = "<group>"; };
		F79BB07525CD06550093CDFA /* Info.plist */ = {isa = PBXFileReference; lastKnownFileType = text.plist.xml; path = Info.plist; sourceTree = "<group>"; };
		F79BB07A25CD06550093CDFA /* KnowYourCountryTests.xctest */ = {isa = PBXFileReference; explicitFileType = wrapper.cfbundle; includeInIndex = 0; path = KnowYourCountryTests.xctest; sourceTree = BUILT_PRODUCTS_DIR; };
		F79BB07E25CD06550093CDFA /* KnowYourCountryTests.swift */ = {isa = PBXFileReference; lastKnownFileType = sourcecode.swift; path = KnowYourCountryTests.swift; sourceTree = "<group>"; };
		F79BB08025CD06560093CDFA /* Info.plist */ = {isa = PBXFileReference; lastKnownFileType = text.plist.xml; path = Info.plist; sourceTree = "<group>"; };
		F79BB08525CD06560093CDFA /* KnowYourCountryUITests.xctest */ = {isa = PBXFileReference; explicitFileType = wrapper.cfbundle; includeInIndex = 0; path = KnowYourCountryUITests.xctest; sourceTree = BUILT_PRODUCTS_DIR; };
		F79BB08925CD06560093CDFA /* KnowYourCountryUITests.swift */ = {isa = PBXFileReference; lastKnownFileType = sourcecode.swift; path = KnowYourCountryUITests.swift; sourceTree = "<group>"; };
		F79BB08B25CD06560093CDFA /* Info.plist */ = {isa = PBXFileReference; lastKnownFileType = text.plist.xml; path = Info.plist; sourceTree = "<group>"; };
		F79BB09E25CD1B430093CDFA /* HomeViewController.swift */ = {isa = PBXFileReference; lastKnownFileType = sourcecode.swift; path = HomeViewController.swift; sourceTree = "<group>"; };
		F79BB0AD25CD336C0093CDFA /* CountryInfoTableViewCell.swift */ = {isa = PBXFileReference; lastKnownFileType = sourcecode.swift; path = CountryInfoTableViewCell.swift; sourceTree = "<group>"; };
		F79BB0B725CD34170093CDFA /* Constants.swift */ = {isa = PBXFileReference; fileEncoding = 4; lastKnownFileType = sourcecode.swift; path = Constants.swift; sourceTree = "<group>"; };
		F79BB0BC25CD34500093CDFA /* Settings.swift */ = {isa = PBXFileReference; fileEncoding = 4; lastKnownFileType = sourcecode.swift; path = Settings.swift; sourceTree = "<group>"; };
		FCE207EF64FA69CF228DCF4E /* Pods-KnowYourCountryTests.release.xcconfig */ = {isa = PBXFileReference; includeInIndex = 1; lastKnownFileType = text.xcconfig; name = "Pods-KnowYourCountryTests.release.xcconfig"; path = "Target Support Files/Pods-KnowYourCountryTests/Pods-KnowYourCountryTests.release.xcconfig"; sourceTree = "<group>"; };
/* End PBXFileReference section */

/* Begin PBXFrameworksBuildPhase section */
		F79BB05E25CD06520093CDFA /* Frameworks */ = {
			isa = PBXFrameworksBuildPhase;
			buildActionMask = 2147483647;
			files = (
				5C76CE3282CB935C2B1A5DEA /* Pods_KnowYourCountry.framework in Frameworks */,
			);
			runOnlyForDeploymentPostprocessing = 0;
		};
		F79BB07725CD06550093CDFA /* Frameworks */ = {
			isa = PBXFrameworksBuildPhase;
			buildActionMask = 2147483647;
			files = (
				E5BB60B6194C45D6EE0AEB5D /* Pods_KnowYourCountryTests.framework in Frameworks */,
			);
			runOnlyForDeploymentPostprocessing = 0;
		};
		F79BB08225CD06560093CDFA /* Frameworks */ = {
			isa = PBXFrameworksBuildPhase;
			buildActionMask = 2147483647;
			files = (
				4AC7D5D5E298FE5BC8862392 /* Pods_KnowYourCountry_KnowYourCountryUITests.framework in Frameworks */,
			);
			runOnlyForDeploymentPostprocessing = 0;
		};
/* End PBXFrameworksBuildPhase section */

/* Begin PBXGroup section */
		0D629A6C499559F1942764F0 /* Pods */ = {
			isa = PBXGroup;
			children = (
				DF5A034EE632905F4D87E381 /* Pods-KnowYourCountry.debug.xcconfig */,
				6BB6DCCE54D21E69E90CF3F5 /* Pods-KnowYourCountry.release.xcconfig */,
				2A86EB78DC33359D681312CA /* Pods-KnowYourCountry-KnowYourCountryUITests.debug.xcconfig */,
				5D67153CAED9315BA4C9D47D /* Pods-KnowYourCountry-KnowYourCountryUITests.release.xcconfig */,
				CF83A92CA8B71C4F2EACF994 /* Pods-KnowYourCountryTests.debug.xcconfig */,
				FCE207EF64FA69CF228DCF4E /* Pods-KnowYourCountryTests.release.xcconfig */,
			);
			path = Pods;
			sourceTree = "<group>";
		};
		66EA09E42B01AF62D34C4BC2 /* Frameworks */ = {
			isa = PBXGroup;
			children = (
				D07FB7ABD91A875B3158D61A /* Pods_KnowYourCountry.framework */,
				5D84C4301ACF274AC8EC0C3C /* Pods_KnowYourCountry_KnowYourCountryUITests.framework */,
				9C10186075D18094E7913334 /* Pods_KnowYourCountryTests.framework */,
			);
			name = Frameworks;
			sourceTree = "<group>";
		};
		F7188C5B25CFDECD00B2C141 /* Model */ = {
			isa = PBXGroup;
			children = (
				F7188C5C25CFDEEC00B2C141 /* CountryInfoModel.swift */,
			);
			path = Model;
			sourceTree = "<group>";
		};
		F7188C8425CFF2D100B2C141 /* ViewModel */ = {
			isa = PBXGroup;
			children = (
				F7188C8525CFF2E400B2C141 /* CountryInfoViewModel.swift */,
			);
			path = ViewModel;
			sourceTree = "<group>";
		};
		F74D057925D1187700E08AAF /* Protocols */ = {
			isa = PBXGroup;
			children = (
				F74D057A25D1187700E08AAF /* ErrorAlertProtocol.swift */,
			);
			path = Protocols;
			sourceTree = "<group>";
		};
		F74D05C725D2403100E08AAF /* Tests */ = {
			isa = PBXGroup;
			children = (
				F79BB07E25CD06550093CDFA /* KnowYourCountryTests.swift */,
				F74D05C825D2409D00E08AAF /* ReachabilityUtilsTests.swift */,
				F74D05D025D2422C00E08AAF /* HttpUtilsTests.swift */,
			);
			path = Tests;
			sourceTree = "<group>";
		};
		F74D05D625D2428A00E08AAF /* Mocks */ = {
			isa = PBXGroup;
			children = (
				F74D05D725D242AB00E08AAF /* MockHttpUtils.swift */,
				F74D05DF25D2430000E08AAF /* MockReactiveUrlSession.swift */,
			);
			path = Mocks;
			sourceTree = "<group>";
		};
		F74D05E425D2472300E08AAF /* Extensions */ = {
			isa = PBXGroup;
			children = (
				F74D05E525D2477500E08AAF /* XCTestCase.swift */,
			);
			path = Extensions;
			sourceTree = "<group>";
		};
		F74D05ED25D2478400E08AAF /* Stubs */ = {
			isa = PBXGroup;
			children = (
				F74D05EE25D2479100E08AAF /* CountryInfo.json */,
			);
			path = Stubs;
			sourceTree = "<group>";
		};
		F79BB05825CD06520093CDFA = {
			isa = PBXGroup;
			children = (
				F79BB06325CD06520093CDFA /* KnowYourCountry */,
				F79BB07D25CD06550093CDFA /* KnowYourCountryTests */,
				F79BB08825CD06560093CDFA /* KnowYourCountryUITests */,
				F79BB06225CD06520093CDFA /* Products */,
				0D629A6C499559F1942764F0 /* Pods */,
				66EA09E42B01AF62D34C4BC2 /* Frameworks */,
			);
			sourceTree = "<group>";
		};
		F79BB06225CD06520093CDFA /* Products */ = {
			isa = PBXGroup;
			children = (
				F79BB06125CD06520093CDFA /* KnowYourCountry.app */,
				F79BB07A25CD06550093CDFA /* KnowYourCountryTests.xctest */,
				F79BB08525CD06560093CDFA /* KnowYourCountryUITests.xctest */,
			);
			name = Products;
			sourceTree = "<group>";
		};
		F79BB06325CD06520093CDFA /* KnowYourCountry */ = {
			isa = PBXGroup;
			children = (
				F79BB0B625CD33EB0093CDFA /* Utilities */,
				F79BB09D25CD1B2C0093CDFA /* Home */,
				F79BB06425CD06520093CDFA /* AppDelegate.swift */,
				F79BB06625CD06520093CDFA /* SceneDelegate.swift */,
				F79BB07025CD06550093CDFA /* Assets.xcassets */,
				F79BB07225CD06550093CDFA /* LaunchScreen.storyboard */,
				F79BB07525CD06550093CDFA /* Info.plist */,
				F79BB06D25CD06520093CDFA /* KnowYourCountry.xcdatamodeld */,
			);
			path = KnowYourCountry;
			sourceTree = "<group>";
		};
		F79BB07D25CD06550093CDFA /* KnowYourCountryTests */ = {
			isa = PBXGroup;
			children = (
				F74D05ED25D2478400E08AAF /* Stubs */,
				F74D05E425D2472300E08AAF /* Extensions */,
				F74D05D625D2428A00E08AAF /* Mocks */,
				F74D05C725D2403100E08AAF /* Tests */,
				F79BB08025CD06560093CDFA /* Info.plist */,
			);
			path = KnowYourCountryTests;
			sourceTree = "<group>";
		};
		F79BB08825CD06560093CDFA /* KnowYourCountryUITests */ = {
			isa = PBXGroup;
			children = (
				F79BB08925CD06560093CDFA /* KnowYourCountryUITests.swift */,
				F79BB08B25CD06560093CDFA /* Info.plist */,
			);
			path = KnowYourCountryUITests;
			sourceTree = "<group>";
		};
		F79BB09D25CD1B2C0093CDFA /* Home */ = {
			isa = PBXGroup;
			children = (
				F7188C8425CFF2D100B2C141 /* ViewModel */,
				F7188C5B25CFDECD00B2C141 /* Model */,
				F79BB0AC25CD334C0093CDFA /* View */,
			);
			path = Home;
			sourceTree = "<group>";
		};
		F79BB0AC25CD334C0093CDFA /* View */ = {
			isa = PBXGroup;
			children = (
				F79BB09E25CD1B430093CDFA /* HomeViewController.swift */,
				F79BB0AD25CD336C0093CDFA /* CountryInfoTableViewCell.swift */,
			);
			path = View;
			sourceTree = "<group>";
		};
		F79BB0B625CD33EB0093CDFA /* Utilities */ = {
			isa = PBXGroup;
			children = (
				F74D057925D1187700E08AAF /* Protocols */,
				F7188C7225CFE17300B2C141 /* ErrorHandling.swift */,
				F7188C7325CFE17300B2C141 /* HttpUtils.swift */,
				F7188C7625CFE17300B2C141 /* JSONUtils.swift */,
				F7188C7425CFE17300B2C141 /* Logger.swift */,
				F7188C7125CFE17300B2C141 /* ReachabilityUtils.swift */,
				F7188C7825CFE17300B2C141 /* ReactiveURLSession.swift */,
				F7188C7525CFE17300B2C141 /* Shared.swift */,
				F7188C7725CFE17300B2C141 /* URLConstants.swift */,
				F79BB0BC25CD34500093CDFA /* Settings.swift */,
				F79BB0B725CD34170093CDFA /* Constants.swift */,
			);
			path = Utilities;
			sourceTree = "<group>";
		};
/* End PBXGroup section */

/* Begin PBXNativeTarget section */
		F79BB06025CD06520093CDFA /* KnowYourCountry */ = {
			isa = PBXNativeTarget;
			buildConfigurationList = F79BB08E25CD06560093CDFA /* Build configuration list for PBXNativeTarget "KnowYourCountry" */;
			buildPhases = (
				7FBE9061386BD5B93DADDD4D /* [CP] Check Pods Manifest.lock */,
				F79BB05D25CD06520093CDFA /* Sources */,
				F79BB05E25CD06520093CDFA /* Frameworks */,
				F79BB05F25CD06520093CDFA /* Resources */,
				7DE7F67AFB258C2AB657EF10 /* [CP] Embed Pods Frameworks */,
				F74D059725D122C800E08AAF /* ShellScript */,
			);
			buildRules = (
			);
			dependencies = (
			);
			name = KnowYourCountry;
			productName = KnowYourCountry;
			productReference = F79BB06125CD06520093CDFA /* KnowYourCountry.app */;
			productType = "com.apple.product-type.application";
		};
		F79BB07925CD06550093CDFA /* KnowYourCountryTests */ = {
			isa = PBXNativeTarget;
			buildConfigurationList = F79BB09125CD06560093CDFA /* Build configuration list for PBXNativeTarget "KnowYourCountryTests" */;
			buildPhases = (
				755488A098803515430462F7 /* [CP] Check Pods Manifest.lock */,
				F79BB07625CD06550093CDFA /* Sources */,
				F79BB07725CD06550093CDFA /* Frameworks */,
				F79BB07825CD06550093CDFA /* Resources */,
			);
			buildRules = (
			);
			dependencies = (
				F79BB07C25CD06550093CDFA /* PBXTargetDependency */,
			);
			name = KnowYourCountryTests;
			productName = KnowYourCountryTests;
			productReference = F79BB07A25CD06550093CDFA /* KnowYourCountryTests.xctest */;
			productType = "com.apple.product-type.bundle.unit-test";
		};
		F79BB08425CD06560093CDFA /* KnowYourCountryUITests */ = {
			isa = PBXNativeTarget;
			buildConfigurationList = F79BB09425CD06560093CDFA /* Build configuration list for PBXNativeTarget "KnowYourCountryUITests" */;
			buildPhases = (
				AC2358E64A402601C5F1E841 /* [CP] Check Pods Manifest.lock */,
				F79BB08125CD06560093CDFA /* Sources */,
				F79BB08225CD06560093CDFA /* Frameworks */,
				F79BB08325CD06560093CDFA /* Resources */,
				D27FDFA22F787AFA29B5D418 /* [CP] Embed Pods Frameworks */,
			);
			buildRules = (
			);
			dependencies = (
				F79BB08725CD06560093CDFA /* PBXTargetDependency */,
			);
			name = KnowYourCountryUITests;
			productName = KnowYourCountryUITests;
			productReference = F79BB08525CD06560093CDFA /* KnowYourCountryUITests.xctest */;
			productType = "com.apple.product-type.bundle.ui-testing";
		};
/* End PBXNativeTarget section */

/* Begin PBXProject section */
		F79BB05925CD06520093CDFA /* Project object */ = {
			isa = PBXProject;
			attributes = {
				LastSwiftUpdateCheck = 1200;
				LastUpgradeCheck = 1200;
				TargetAttributes = {
					F79BB06025CD06520093CDFA = {
						CreatedOnToolsVersion = 12.0.1;
					};
					F79BB07925CD06550093CDFA = {
						CreatedOnToolsVersion = 12.0.1;
						TestTargetID = F79BB06025CD06520093CDFA;
					};
					F79BB08425CD06560093CDFA = {
						CreatedOnToolsVersion = 12.0.1;
						TestTargetID = F79BB06025CD06520093CDFA;
					};
				};
			};
			buildConfigurationList = F79BB05C25CD06520093CDFA /* Build configuration list for PBXProject "KnowYourCountry" */;
			compatibilityVersion = "Xcode 9.3";
			developmentRegion = en;
			hasScannedForEncodings = 0;
			knownRegions = (
				en,
				Base,
			);
			mainGroup = F79BB05825CD06520093CDFA;
			productRefGroup = F79BB06225CD06520093CDFA /* Products */;
			projectDirPath = "";
			projectRoot = "";
			targets = (
				F79BB06025CD06520093CDFA /* KnowYourCountry */,
				F79BB07925CD06550093CDFA /* KnowYourCountryTests */,
				F79BB08425CD06560093CDFA /* KnowYourCountryUITests */,
			);
		};
/* End PBXProject section */

/* Begin PBXResourcesBuildPhase section */
		F79BB05F25CD06520093CDFA /* Resources */ = {
			isa = PBXResourcesBuildPhase;
			buildActionMask = 2147483647;
			files = (
				F79BB07425CD06550093CDFA /* LaunchScreen.storyboard in Resources */,
				F79BB07125CD06550093CDFA /* Assets.xcassets in Resources */,
			);
			runOnlyForDeploymentPostprocessing = 0;
		};
		F79BB07825CD06550093CDFA /* Resources */ = {
			isa = PBXResourcesBuildPhase;
			buildActionMask = 2147483647;
			files = (
				F74D05EF25D2479100E08AAF /* CountryInfo.json in Resources */,
			);
			runOnlyForDeploymentPostprocessing = 0;
		};
		F79BB08325CD06560093CDFA /* Resources */ = {
			isa = PBXResourcesBuildPhase;
			buildActionMask = 2147483647;
			files = (
			);
			runOnlyForDeploymentPostprocessing = 0;
		};
/* End PBXResourcesBuildPhase section */

/* Begin PBXShellScriptBuildPhase section */
		755488A098803515430462F7 /* [CP] Check Pods Manifest.lock */ = {
			isa = PBXShellScriptBuildPhase;
			buildActionMask = 2147483647;
			files = (
			);
			inputFileListPaths = (
			);
			inputPaths = (
				"${PODS_PODFILE_DIR_PATH}/Podfile.lock",
				"${PODS_ROOT}/Manifest.lock",
			);
			name = "[CP] Check Pods Manifest.lock";
			outputFileListPaths = (
			);
			outputPaths = (
				"$(DERIVED_FILE_DIR)/Pods-KnowYourCountryTests-checkManifestLockResult.txt",
			);
			runOnlyForDeploymentPostprocessing = 0;
			shellPath = /bin/sh;
			shellScript = "diff \"${PODS_PODFILE_DIR_PATH}/Podfile.lock\" \"${PODS_ROOT}/Manifest.lock\" > /dev/null\nif [ $? != 0 ] ; then\n    # print error to STDERR\n    echo \"error: The sandbox is not in sync with the Podfile.lock. Run 'pod install' or update your CocoaPods installation.\" >&2\n    exit 1\nfi\n# This output is used by Xcode 'outputs' to avoid re-running this script phase.\necho \"SUCCESS\" > \"${SCRIPT_OUTPUT_FILE_0}\"\n";
			showEnvVarsInLog = 0;
		};
		7DE7F67AFB258C2AB657EF10 /* [CP] Embed Pods Frameworks */ = {
			isa = PBXShellScriptBuildPhase;
			buildActionMask = 2147483647;
			files = (
			);
			inputFileListPaths = (
				"${PODS_ROOT}/Target Support Files/Pods-KnowYourCountry/Pods-KnowYourCountry-frameworks-${CONFIGURATION}-input-files.xcfilelist",
			);
			name = "[CP] Embed Pods Frameworks";
			outputFileListPaths = (
				"${PODS_ROOT}/Target Support Files/Pods-KnowYourCountry/Pods-KnowYourCountry-frameworks-${CONFIGURATION}-output-files.xcfilelist",
			);
			runOnlyForDeploymentPostprocessing = 0;
			shellPath = /bin/sh;
			shellScript = "\"${PODS_ROOT}/Target Support Files/Pods-KnowYourCountry/Pods-KnowYourCountry-frameworks.sh\"\n";
			showEnvVarsInLog = 0;
		};
		7FBE9061386BD5B93DADDD4D /* [CP] Check Pods Manifest.lock */ = {
			isa = PBXShellScriptBuildPhase;
			buildActionMask = 2147483647;
			files = (
			);
			inputFileListPaths = (
			);
			inputPaths = (
				"${PODS_PODFILE_DIR_PATH}/Podfile.lock",
				"${PODS_ROOT}/Manifest.lock",
			);
			name = "[CP] Check Pods Manifest.lock";
			outputFileListPaths = (
			);
			outputPaths = (
				"$(DERIVED_FILE_DIR)/Pods-KnowYourCountry-checkManifestLockResult.txt",
			);
			runOnlyForDeploymentPostprocessing = 0;
			shellPath = /bin/sh;
			shellScript = "diff \"${PODS_PODFILE_DIR_PATH}/Podfile.lock\" \"${PODS_ROOT}/Manifest.lock\" > /dev/null\nif [ $? != 0 ] ; then\n    # print error to STDERR\n    echo \"error: The sandbox is not in sync with the Podfile.lock. Run 'pod install' or update your CocoaPods installation.\" >&2\n    exit 1\nfi\n# This output is used by Xcode 'outputs' to avoid re-running this script phase.\necho \"SUCCESS\" > \"${SCRIPT_OUTPUT_FILE_0}\"\n";
			showEnvVarsInLog = 0;
		};
		AC2358E64A402601C5F1E841 /* [CP] Check Pods Manifest.lock */ = {
			isa = PBXShellScriptBuildPhase;
			buildActionMask = 2147483647;
			files = (
			);
			inputFileListPaths = (
			);
			inputPaths = (
				"${PODS_PODFILE_DIR_PATH}/Podfile.lock",
				"${PODS_ROOT}/Manifest.lock",
			);
			name = "[CP] Check Pods Manifest.lock";
			outputFileListPaths = (
			);
			outputPaths = (
				"$(DERIVED_FILE_DIR)/Pods-KnowYourCountry-KnowYourCountryUITests-checkManifestLockResult.txt",
			);
			runOnlyForDeploymentPostprocessing = 0;
			shellPath = /bin/sh;
			shellScript = "diff \"${PODS_PODFILE_DIR_PATH}/Podfile.lock\" \"${PODS_ROOT}/Manifest.lock\" > /dev/null\nif [ $? != 0 ] ; then\n    # print error to STDERR\n    echo \"error: The sandbox is not in sync with the Podfile.lock. Run 'pod install' or update your CocoaPods installation.\" >&2\n    exit 1\nfi\n# This output is used by Xcode 'outputs' to avoid re-running this script phase.\necho \"SUCCESS\" > \"${SCRIPT_OUTPUT_FILE_0}\"\n";
			showEnvVarsInLog = 0;
		};
		D27FDFA22F787AFA29B5D418 /* [CP] Embed Pods Frameworks */ = {
			isa = PBXShellScriptBuildPhase;
			buildActionMask = 2147483647;
			files = (
			);
			inputFileListPaths = (
				"${PODS_ROOT}/Target Support Files/Pods-KnowYourCountry-KnowYourCountryUITests/Pods-KnowYourCountry-KnowYourCountryUITests-frameworks-${CONFIGURATION}-input-files.xcfilelist",
			);
			name = "[CP] Embed Pods Frameworks";
			outputFileListPaths = (
				"${PODS_ROOT}/Target Support Files/Pods-KnowYourCountry-KnowYourCountryUITests/Pods-KnowYourCountry-KnowYourCountryUITests-frameworks-${CONFIGURATION}-output-files.xcfilelist",
			);
			runOnlyForDeploymentPostprocessing = 0;
			shellPath = /bin/sh;
			shellScript = "\"${PODS_ROOT}/Target Support Files/Pods-KnowYourCountry-KnowYourCountryUITests/Pods-KnowYourCountry-KnowYourCountryUITests-frameworks.sh\"\n";
			showEnvVarsInLog = 0;
		};
		F74D059725D122C800E08AAF /* ShellScript */ = {
			isa = PBXShellScriptBuildPhase;
			buildActionMask = 2147483647;
			files = (
			);
			inputFileListPaths = (
			);
			inputPaths = (
			);
			outputFileListPaths = (
			);
			outputPaths = (
			);
			runOnlyForDeploymentPostprocessing = 0;
			shellPath = /bin/sh;
			shellScript = "if which swiftlint >/dev/null; then\n  swiftlint\nelse\n  echo \"warning: SwiftLint not installed, download from https://github.com/realm/SwiftLint\"\nfi\n";
		};
/* End PBXShellScriptBuildPhase section */

/* Begin PBXSourcesBuildPhase section */
		F79BB05D25CD06520093CDFA /* Sources */ = {
			isa = PBXSourcesBuildPhase;
			buildActionMask = 2147483647;
			files = (
				F7188C7D25CFE17400B2C141 /* Shared.swift in Sources */,
				F79BB06525CD06520093CDFA /* AppDelegate.swift in Sources */,
				F7188C7925CFE17400B2C141 /* ReachabilityUtils.swift in Sources */,
				F79BB0AE25CD336C0093CDFA /* CountryInfoTableViewCell.swift in Sources */,
				F7188C5D25CFDEEC00B2C141 /* CountryInfoModel.swift in Sources */,
				F79BB06F25CD06520093CDFA /* KnowYourCountry.xcdatamodeld in Sources */,
				F7188C8625CFF2E400B2C141 /* CountryInfoViewModel.swift in Sources */,
				F7188C7F25CFE17400B2C141 /* URLConstants.swift in Sources */,
				F7188C7B25CFE17400B2C141 /* HttpUtils.swift in Sources */,
				F74D057B25D1187700E08AAF /* ErrorAlertProtocol.swift in Sources */,
				F7188C7E25CFE17400B2C141 /* JSONUtils.swift in Sources */,
				F79BB06725CD06520093CDFA /* SceneDelegate.swift in Sources */,
				F7188C7C25CFE17400B2C141 /* Logger.swift in Sources */,
				F79BB0BD25CD34500093CDFA /* Settings.swift in Sources */,
				F7188C7A25CFE17400B2C141 /* ErrorHandling.swift in Sources */,
				F7188C8025CFE17400B2C141 /* ReactiveURLSession.swift in Sources */,
				F79BB09F25CD1B430093CDFA /* HomeViewController.swift in Sources */,
				F79BB0B825CD34170093CDFA /* Constants.swift in Sources */,
			);
			runOnlyForDeploymentPostprocessing = 0;
		};
		F79BB07625CD06550093CDFA /* Sources */ = {
			isa = PBXSourcesBuildPhase;
			buildActionMask = 2147483647;
			files = (
				F74D05C925D2409D00E08AAF /* ReachabilityUtilsTests.swift in Sources */,
				F74D05E025D2430000E08AAF /* MockReactiveUrlSession.swift in Sources */,
				F74D05D825D242AB00E08AAF /* MockHttpUtils.swift in Sources */,
				F79BB07F25CD06550093CDFA /* KnowYourCountryTests.swift in Sources */,
				F74D05E625D2477500E08AAF /* XCTestCase.swift in Sources */,
				F74D05D125D2422C00E08AAF /* HttpUtilsTests.swift in Sources */,
			);
			runOnlyForDeploymentPostprocessing = 0;
		};
		F79BB08125CD06560093CDFA /* Sources */ = {
			isa = PBXSourcesBuildPhase;
			buildActionMask = 2147483647;
			files = (
				F79BB08A25CD06560093CDFA /* KnowYourCountryUITests.swift in Sources */,
			);
			runOnlyForDeploymentPostprocessing = 0;
		};
/* End PBXSourcesBuildPhase section */

/* Begin PBXTargetDependency section */
		F79BB07C25CD06550093CDFA /* PBXTargetDependency */ = {
			isa = PBXTargetDependency;
			target = F79BB06025CD06520093CDFA /* KnowYourCountry */;
			targetProxy = F79BB07B25CD06550093CDFA /* PBXContainerItemProxy */;
		};
		F79BB08725CD06560093CDFA /* PBXTargetDependency */ = {
			isa = PBXTargetDependency;
			target = F79BB06025CD06520093CDFA /* KnowYourCountry */;
			targetProxy = F79BB08625CD06560093CDFA /* PBXContainerItemProxy */;
		};
/* End PBXTargetDependency section */

/* Begin PBXVariantGroup section */
		F79BB07225CD06550093CDFA /* LaunchScreen.storyboard */ = {
			isa = PBXVariantGroup;
			children = (
				F79BB07325CD06550093CDFA /* Base */,
			);
			name = LaunchScreen.storyboard;
			sourceTree = "<group>";
		};
/* End PBXVariantGroup section */

/* Begin XCBuildConfiguration section */
		F79BB08C25CD06560093CDFA /* Debug */ = {
			isa = XCBuildConfiguration;
			buildSettings = {
				ALWAYS_SEARCH_USER_PATHS = NO;
				CLANG_ANALYZER_NONNULL = YES;
				CLANG_ANALYZER_NUMBER_OBJECT_CONVERSION = YES_AGGRESSIVE;
				CLANG_CXX_LANGUAGE_STANDARD = "gnu++14";
				CLANG_CXX_LIBRARY = "libc++";
				CLANG_ENABLE_MODULES = YES;
				CLANG_ENABLE_OBJC_ARC = YES;
				CLANG_ENABLE_OBJC_WEAK = YES;
				CLANG_WARN_BLOCK_CAPTURE_AUTORELEASING = YES;
				CLANG_WARN_BOOL_CONVERSION = YES;
				CLANG_WARN_COMMA = YES;
				CLANG_WARN_CONSTANT_CONVERSION = YES;
				CLANG_WARN_DEPRECATED_OBJC_IMPLEMENTATIONS = YES;
				CLANG_WARN_DIRECT_OBJC_ISA_USAGE = YES_ERROR;
				CLANG_WARN_DOCUMENTATION_COMMENTS = YES;
				CLANG_WARN_EMPTY_BODY = YES;
				CLANG_WARN_ENUM_CONVERSION = YES;
				CLANG_WARN_INFINITE_RECURSION = YES;
				CLANG_WARN_INT_CONVERSION = YES;
				CLANG_WARN_NON_LITERAL_NULL_CONVERSION = YES;
				CLANG_WARN_OBJC_IMPLICIT_RETAIN_SELF = YES;
				CLANG_WARN_OBJC_LITERAL_CONVERSION = YES;
				CLANG_WARN_OBJC_ROOT_CLASS = YES_ERROR;
				CLANG_WARN_QUOTED_INCLUDE_IN_FRAMEWORK_HEADER = YES;
				CLANG_WARN_RANGE_LOOP_ANALYSIS = YES;
				CLANG_WARN_STRICT_PROTOTYPES = YES;
				CLANG_WARN_SUSPICIOUS_MOVE = YES;
				CLANG_WARN_UNGUARDED_AVAILABILITY = YES_AGGRESSIVE;
				CLANG_WARN_UNREACHABLE_CODE = YES;
				CLANG_WARN__DUPLICATE_METHOD_MATCH = YES;
				COPY_PHASE_STRIP = NO;
				DEBUG_INFORMATION_FORMAT = dwarf;
				ENABLE_STRICT_OBJC_MSGSEND = YES;
				ENABLE_TESTABILITY = YES;
				GCC_C_LANGUAGE_STANDARD = gnu11;
				GCC_DYNAMIC_NO_PIC = NO;
				GCC_NO_COMMON_BLOCKS = YES;
				GCC_OPTIMIZATION_LEVEL = 0;
				GCC_PREPROCESSOR_DEFINITIONS = (
					"DEBUG=1",
					"$(inherited)",
				);
				GCC_WARN_64_TO_32_BIT_CONVERSION = YES;
				GCC_WARN_ABOUT_RETURN_TYPE = YES_ERROR;
				GCC_WARN_UNDECLARED_SELECTOR = YES;
				GCC_WARN_UNINITIALIZED_AUTOS = YES_AGGRESSIVE;
				GCC_WARN_UNUSED_FUNCTION = YES;
				GCC_WARN_UNUSED_VARIABLE = YES;
				IPHONEOS_DEPLOYMENT_TARGET = 12.0;
				MTL_ENABLE_DEBUG_INFO = INCLUDE_SOURCE;
				MTL_FAST_MATH = YES;
				ONLY_ACTIVE_ARCH = YES;
				SDKROOT = iphoneos;
				SWIFT_ACTIVE_COMPILATION_CONDITIONS = DEBUG;
				SWIFT_OPTIMIZATION_LEVEL = "-Onone";
			};
			name = Debug;
		};
		F79BB08D25CD06560093CDFA /* Release */ = {
			isa = XCBuildConfiguration;
			buildSettings = {
				ALWAYS_SEARCH_USER_PATHS = NO;
				CLANG_ANALYZER_NONNULL = YES;
				CLANG_ANALYZER_NUMBER_OBJECT_CONVERSION = YES_AGGRESSIVE;
				CLANG_CXX_LANGUAGE_STANDARD = "gnu++14";
				CLANG_CXX_LIBRARY = "libc++";
				CLANG_ENABLE_MODULES = YES;
				CLANG_ENABLE_OBJC_ARC = YES;
				CLANG_ENABLE_OBJC_WEAK = YES;
				CLANG_WARN_BLOCK_CAPTURE_AUTORELEASING = YES;
				CLANG_WARN_BOOL_CONVERSION = YES;
				CLANG_WARN_COMMA = YES;
				CLANG_WARN_CONSTANT_CONVERSION = YES;
				CLANG_WARN_DEPRECATED_OBJC_IMPLEMENTATIONS = YES;
				CLANG_WARN_DIRECT_OBJC_ISA_USAGE = YES_ERROR;
				CLANG_WARN_DOCUMENTATION_COMMENTS = YES;
				CLANG_WARN_EMPTY_BODY = YES;
				CLANG_WARN_ENUM_CONVERSION = YES;
				CLANG_WARN_INFINITE_RECURSION = YES;
				CLANG_WARN_INT_CONVERSION = YES;
				CLANG_WARN_NON_LITERAL_NULL_CONVERSION = YES;
				CLANG_WARN_OBJC_IMPLICIT_RETAIN_SELF = YES;
				CLANG_WARN_OBJC_LITERAL_CONVERSION = YES;
				CLANG_WARN_OBJC_ROOT_CLASS = YES_ERROR;
				CLANG_WARN_QUOTED_INCLUDE_IN_FRAMEWORK_HEADER = YES;
				CLANG_WARN_RANGE_LOOP_ANALYSIS = YES;
				CLANG_WARN_STRICT_PROTOTYPES = YES;
				CLANG_WARN_SUSPICIOUS_MOVE = YES;
				CLANG_WARN_UNGUARDED_AVAILABILITY = YES_AGGRESSIVE;
				CLANG_WARN_UNREACHABLE_CODE = YES;
				CLANG_WARN__DUPLICATE_METHOD_MATCH = YES;
				COPY_PHASE_STRIP = NO;
				DEBUG_INFORMATION_FORMAT = "dwarf-with-dsym";
				ENABLE_NS_ASSERTIONS = NO;
				ENABLE_STRICT_OBJC_MSGSEND = YES;
				GCC_C_LANGUAGE_STANDARD = gnu11;
				GCC_NO_COMMON_BLOCKS = YES;
				GCC_WARN_64_TO_32_BIT_CONVERSION = YES;
				GCC_WARN_ABOUT_RETURN_TYPE = YES_ERROR;
				GCC_WARN_UNDECLARED_SELECTOR = YES;
				GCC_WARN_UNINITIALIZED_AUTOS = YES_AGGRESSIVE;
				GCC_WARN_UNUSED_FUNCTION = YES;
				GCC_WARN_UNUSED_VARIABLE = YES;
				IPHONEOS_DEPLOYMENT_TARGET = 12.0;
				MTL_ENABLE_DEBUG_INFO = NO;
				MTL_FAST_MATH = YES;
				SDKROOT = iphoneos;
				SWIFT_COMPILATION_MODE = wholemodule;
				SWIFT_OPTIMIZATION_LEVEL = "-O";
				VALIDATE_PRODUCT = YES;
			};
			name = Release;
		};
		F79BB08F25CD06560093CDFA /* Debug */ = {
			isa = XCBuildConfiguration;
			baseConfigurationReference = DF5A034EE632905F4D87E381 /* Pods-KnowYourCountry.debug.xcconfig */;
			buildSettings = {
				ASSETCATALOG_COMPILER_APPICON_NAME = AppIcon;
				ASSETCATALOG_COMPILER_GLOBAL_ACCENT_COLOR_NAME = AccentColor;
				CODE_SIGN_STYLE = Automatic;
				DEVELOPMENT_TEAM = 86QNG3MQTP;
				INFOPLIST_FILE = KnowYourCountry/Info.plist;
				IPHONEOS_DEPLOYMENT_TARGET = 12.0;
				LD_RUNPATH_SEARCH_PATHS = (
					"$(inherited)",
					"@executable_path/Frameworks",
				);
				PRODUCT_BUNDLE_IDENTIFIER = com.nasfi.KnowYourCountry;
				PRODUCT_NAME = "$(TARGET_NAME)";
				SWIFT_VERSION = 5.0;
				TARGETED_DEVICE_FAMILY = "1,2";
			};
			name = Debug;
		};
		F79BB09025CD06560093CDFA /* Release */ = {
			isa = XCBuildConfiguration;
			baseConfigurationReference = 6BB6DCCE54D21E69E90CF3F5 /* Pods-KnowYourCountry.release.xcconfig */;
			buildSettings = {
				ASSETCATALOG_COMPILER_APPICON_NAME = AppIcon;
				ASSETCATALOG_COMPILER_GLOBAL_ACCENT_COLOR_NAME = AccentColor;
				CODE_SIGN_STYLE = Automatic;
				DEVELOPMENT_TEAM = 86QNG3MQTP;
				INFOPLIST_FILE = KnowYourCountry/Info.plist;
				IPHONEOS_DEPLOYMENT_TARGET = 12.0;
				LD_RUNPATH_SEARCH_PATHS = (
					"$(inherited)",
					"@executable_path/Frameworks",
				);
				PRODUCT_BUNDLE_IDENTIFIER = com.nasfi.KnowYourCountry;
				PRODUCT_NAME = "$(TARGET_NAME)";
				SWIFT_VERSION = 5.0;
				TARGETED_DEVICE_FAMILY = "1,2";
			};
			name = Release;
		};
		F79BB09225CD06560093CDFA /* Debug */ = {
			isa = XCBuildConfiguration;
			baseConfigurationReference = CF83A92CA8B71C4F2EACF994 /* Pods-KnowYourCountryTests.debug.xcconfig */;
			buildSettings = {
				ALWAYS_EMBED_SWIFT_STANDARD_LIBRARIES = YES;
				BUNDLE_LOADER = "$(TEST_HOST)";
				CODE_SIGN_STYLE = Automatic;
				DEVELOPMENT_TEAM = 86QNG3MQTP;
				INFOPLIST_FILE = KnowYourCountryTests/Info.plist;
				IPHONEOS_DEPLOYMENT_TARGET = 14.0;
				LD_RUNPATH_SEARCH_PATHS = (
					"$(inherited)",
					"@executable_path/Frameworks",
					"@loader_path/Frameworks",
				);
				PRODUCT_BUNDLE_IDENTIFIER = com.nasfi.KnowYourCountryTests;
				PRODUCT_NAME = "$(TARGET_NAME)";
				SWIFT_VERSION = 5.0;
				TARGETED_DEVICE_FAMILY = "1,2";
				TEST_HOST = "$(BUILT_PRODUCTS_DIR)/KnowYourCountry.app/KnowYourCountry";
			};
			name = Debug;
		};
		F79BB09325CD06560093CDFA /* Release */ = {
			isa = XCBuildConfiguration;
			baseConfigurationReference = FCE207EF64FA69CF228DCF4E /* Pods-KnowYourCountryTests.release.xcconfig */;
			buildSettings = {
				ALWAYS_EMBED_SWIFT_STANDARD_LIBRARIES = YES;
				BUNDLE_LOADER = "$(TEST_HOST)";
				CODE_SIGN_STYLE = Automatic;
				DEVELOPMENT_TEAM = 86QNG3MQTP;
				INFOPLIST_FILE = KnowYourCountryTests/Info.plist;
				IPHONEOS_DEPLOYMENT_TARGET = 14.0;
				LD_RUNPATH_SEARCH_PATHS = (
					"$(inherited)",
					"@executable_path/Frameworks",
					"@loader_path/Frameworks",
				);
				PRODUCT_BUNDLE_IDENTIFIER = com.nasfi.KnowYourCountryTests;
				PRODUCT_NAME = "$(TARGET_NAME)";
				SWIFT_VERSION = 5.0;
				TARGETED_DEVICE_FAMILY = "1,2";
				TEST_HOST = "$(BUILT_PRODUCTS_DIR)/KnowYourCountry.app/KnowYourCountry";
			};
			name = Release;
		};
		F79BB09525CD06560093CDFA /* Debug */ = {
			isa = XCBuildConfiguration;
			baseConfigurationReference = 2A86EB78DC33359D681312CA /* Pods-KnowYourCountry-KnowYourCountryUITests.debug.xcconfig */;
			buildSettings = {
				ALWAYS_EMBED_SWIFT_STANDARD_LIBRARIES = YES;
				CODE_SIGN_STYLE = Automatic;
				DEVELOPMENT_TEAM = 86QNG3MQTP;
				INFOPLIST_FILE = KnowYourCountryUITests/Info.plist;
				LD_RUNPATH_SEARCH_PATHS = (
					"$(inherited)",
					"@executable_path/Frameworks",
					"@loader_path/Frameworks",
				);
				PRODUCT_BUNDLE_IDENTIFIER = com.nasfi.KnowYourCountryUITests;
				PRODUCT_NAME = "$(TARGET_NAME)";
				SWIFT_VERSION = 5.0;
				TARGETED_DEVICE_FAMILY = "1,2";
				TEST_TARGET_NAME = KnowYourCountry;
			};
			name = Debug;
		};
		F79BB09625CD06560093CDFA /* Release */ = {
			isa = XCBuildConfiguration;
			baseConfigurationReference = 5D67153CAED9315BA4C9D47D /* Pods-KnowYourCountry-KnowYourCountryUITests.release.xcconfig */;
			buildSettings = {
				ALWAYS_EMBED_SWIFT_STANDARD_LIBRARIES = YES;
				CODE_SIGN_STYLE = Automatic;
				DEVELOPMENT_TEAM = 86QNG3MQTP;
				INFOPLIST_FILE = KnowYourCountryUITests/Info.plist;
				LD_RUNPATH_SEARCH_PATHS = (
					"$(inherited)",
					"@executable_path/Frameworks",
					"@loader_path/Frameworks",
				);
				PRODUCT_BUNDLE_IDENTIFIER = com.nasfi.KnowYourCountryUITests;
				PRODUCT_NAME = "$(TARGET_NAME)";
				SWIFT_VERSION = 5.0;
				TARGETED_DEVICE_FAMILY = "1,2";
				TEST_TARGET_NAME = KnowYourCountry;
			};
			name = Release;
		};
/* End XCBuildConfiguration section */

/* Begin XCConfigurationList section */
		F79BB05C25CD06520093CDFA /* Build configuration list for PBXProject "KnowYourCountry" */ = {
			isa = XCConfigurationList;
			buildConfigurations = (
				F79BB08C25CD06560093CDFA /* Debug */,
				F79BB08D25CD06560093CDFA /* Release */,
			);
			defaultConfigurationIsVisible = 0;
			defaultConfigurationName = Release;
		};
		F79BB08E25CD06560093CDFA /* Build configuration list for PBXNativeTarget "KnowYourCountry" */ = {
			isa = XCConfigurationList;
			buildConfigurations = (
				F79BB08F25CD06560093CDFA /* Debug */,
				F79BB09025CD06560093CDFA /* Release */,
			);
			defaultConfigurationIsVisible = 0;
			defaultConfigurationName = Release;
		};
		F79BB09125CD06560093CDFA /* Build configuration list for PBXNativeTarget "KnowYourCountryTests" */ = {
			isa = XCConfigurationList;
			buildConfigurations = (
				F79BB09225CD06560093CDFA /* Debug */,
				F79BB09325CD06560093CDFA /* Release */,
			);
			defaultConfigurationIsVisible = 0;
			defaultConfigurationName = Release;
		};
		F79BB09425CD06560093CDFA /* Build configuration list for PBXNativeTarget "KnowYourCountryUITests" */ = {
			isa = XCConfigurationList;
			buildConfigurations = (
				F79BB09525CD06560093CDFA /* Debug */,
				F79BB09625CD06560093CDFA /* Release */,
			);
			defaultConfigurationIsVisible = 0;
			defaultConfigurationName = Release;
		};
/* End XCConfigurationList section */

/* Begin XCVersionGroup section */
		F79BB06D25CD06520093CDFA /* KnowYourCountry.xcdatamodeld */ = {
			isa = XCVersionGroup;
			children = (
				F79BB06E25CD06520093CDFA /* KnowYourCountry.xcdatamodel */,
			);
			currentVersion = F79BB06E25CD06520093CDFA /* KnowYourCountry.xcdatamodel */;
			path = KnowYourCountry.xcdatamodeld;
			sourceTree = "<group>";
			versionGroupType = wrapper.xcdatamodel;
		};
/* End XCVersionGroup section */
	};
	rootObject = F79BB05925CD06520093CDFA /* Project object */;
}
