PODS:
  - RxCocoa (5.1.1):
    - RxRelay (~> 5)
    - RxSwift (~> 5)
  - RxRelay (5.1.1):
    - RxSwift (~> 5)
  - RxSwift (5.1.1)
  - SDWebImage (5.10.2):
    - SDWebImage/Core (= 5.10.2)
  - SDWebImage/Core (5.10.2)
  - SwiftLint (0.42.0)

DEPENDENCIES:
  - RxCocoa (~> 5)
  - RxSwift (~> 5)
  - SDWebImage (~> 5)
  - SwiftLint

SPEC REPOS:
  trunk:
    - RxCocoa
    - RxRelay
    - RxSwift
    - SDWebImage
    - SwiftLint

SPEC CHECKSUMS:
  RxCocoa: 32065309a38d29b5b0db858819b5bf9ef038b601
  RxRelay: d77f7d771495f43c556cbc43eebd1bb54d01e8e9
  RxSwift: 81470a2074fa8780320ea5fe4102807cb7118178
  SDWebImage: b969dcfc02c40a5da71eac0b03b8f1a0c794a86f
  SwiftLint: 4fa9579c63416865179bc416f0a92d55f009600d

PODFILE CHECKSUM: 5bd69c2277d7200288b79a17a796fcaba1e0c827

COCOAPODS: 1.10.0
